
Microsoft Visual Studio Solution File, Format Version 12.00
# Visual Studio Version 17
VisualStudioVersion = 17.4.33213.308
MinimumVisualStudioVersion = 10.0.40219.1
Project("{FAE04EC0-301F-11D3-BF4B-00C04F79EFBC}") = "CodePulse.API", "CodePulse.API\CodePulse.API.csproj", "{D588B50D-443F-4F6B-A209-4FA2DD113DC8}"
EndProject
Global
	GlobalSection(SolutionConfigurationPlatforms) = preSolution
		Debug|Any CPU = Debug|Any CPU
		Release|Any CPU = Release|Any CPU
	EndGlobalSection
	GlobalSection(ProjectConfigurationPlatforms) = postSolution
		{D588B50D-443F-4F6B-A209-4FA2DD113DC8}.Debug|Any CPU.ActiveCfg = Debug|Any CPU
		{D588B50D-443F-4F6B-A209-4FA2DD113DC8}.Debug|Any CPU.Build.0 = Debug|Any CPU
		{D588B50D-443F-4F6B-A209-4FA2DD113DC8}.Release|Any CPU.ActiveCfg = Release|Any CPU
		{D588B50D-443F-4F6B-A209-4FA2DD113DC8}.Release|Any CPU.Build.0 = Release|Any CPU
	EndGlobalSection
	GlobalSection(SolutionProperties) = preSolution
		HideSolutionNode = FALSE
	EndGlobalSection
	GlobalSection(ExtensibilityGlobals) = postSolution
		SolutionGuid = {544B7F19-E87B-411D-A06F-6F688B012AA2}
	EndGlobalSection
EndGlobal
